
Microsoft Visual Studio Solution File, Format Version 12.00
# Visual Studio Version 17
VisualStudioVersion = 17.1.32421.90
MinimumVisualStudioVersion = 10.0.40219.1
Project("{FAE04EC0-301F-11D3-BF4B-00C04F79EFBC}") = "InternRegistrationForm", "InternRegistrationForm\InternRegistrationForm.csproj", "{739024AC-BA64-44D8-B346-F8AD90040E7E}"
EndProject
Project("{00D1A9C2-B5F0-4AF3-8072-F6C62B433612}") = "InternshipDb", "InternshipDb\InternshipDb.sqlproj", "{3B9F76E6-A8CF-41AE-8D4E-E41DD7AD83D4}"
EndProject
Global
	GlobalSection(SolutionConfigurationPlatforms) = preSolution
		Debug|Any CPU = Debug|Any CPU
		Release|Any CPU = Release|Any CPU
	EndGlobalSection
	GlobalSection(ProjectConfigurationPlatforms) = postSolution
		{739024AC-BA64-44D8-B346-F8AD90040E7E}.Debug|Any CPU.ActiveCfg = Debug|Any CPU
		{739024AC-BA64-44D8-B346-F8AD90040E7E}.Debug|Any CPU.Build.0 = Debug|Any CPU
		{739024AC-BA64-44D8-B346-F8AD90040E7E}.Release|Any CPU.ActiveCfg = Release|Any CPU
		{739024AC-BA64-44D8-B346-F8AD90040E7E}.Release|Any CPU.Build.0 = Release|Any CPU
		{3B9F76E6-A8CF-41AE-8D4E-E41DD7AD83D4}.Debug|Any CPU.ActiveCfg = Debug|Any CPU
		{3B9F76E6-A8CF-41AE-8D4E-E41DD7AD83D4}.Debug|Any CPU.Build.0 = Debug|Any CPU
		{3B9F76E6-A8CF-41AE-8D4E-E41DD7AD83D4}.Debug|Any CPU.Deploy.0 = Debug|Any CPU
		{3B9F76E6-A8CF-41AE-8D4E-E41DD7AD83D4}.Release|Any CPU.ActiveCfg = Release|Any CPU
		{3B9F76E6-A8CF-41AE-8D4E-E41DD7AD83D4}.Release|Any CPU.Build.0 = Release|Any CPU
		{3B9F76E6-A8CF-41AE-8D4E-E41DD7AD83D4}.Release|Any CPU.Deploy.0 = Release|Any CPU
	EndGlobalSection
	GlobalSection(SolutionProperties) = preSolution
		HideSolutionNode = FALSE
	EndGlobalSection
	GlobalSection(ExtensibilityGlobals) = postSolution
		SolutionGuid = {E1586953-68C4-4512-94B0-970F2A80C3C1}
	EndGlobalSection
EndGlobal
